
Microsoft Visual Studio Solution File, Format Version 12.00
# Visual Studio Version 17
VisualStudioVersion = 17.3.32901.215
MinimumVisualStudioVersion = 10.0.40219.1
Project("{2150E333-8FDC-42A3-9474-1A3956D46DE8}") = "src", "src", "{198EA68E-E6D4-4F8A-B164-DE8946FC3D54}"
EndProject
Project("{2150E333-8FDC-42A3-9474-1A3956D46DE8}") = "tests", "tests", "{E722F3FF-68A0-4019-91E8-63EDFE7D0652}"
EndProject
Project("{9A19103F-16F7-4668-BE54-9A1E7A4F7556}") = "MonitoringSystem", "src\MonitoringSystem\MonitoringSystem.csproj", "{D5F07801-20C3-41F7-B00C-A407D521E51E}"
EndProject
Project("{9A19103F-16F7-4668-BE54-9A1E7A4F7556}") = "Shared", "src\Shared\Shared.csproj", "{92EDF01B-2403-4FC6-BF10-0A8D29207324}"
EndProject
Project("{9A19103F-16F7-4668-BE54-9A1E7A4F7556}") = "WebClient", "src\WebClient\WebClient.csproj", "{3687CE6F-E576-4599-913E-F4A08D6CF4C8}"
EndProject
Project("{9A19103F-16F7-4668-BE54-9A1E7A4F7556}") = "ApplicationTests", "tests\WebApi\ApplicationTests.csproj", "{49B1DECB-EB8C-425B-904F-86BBEE1A57BA}"
EndProject
Project("{2150E333-8FDC-42A3-9474-1A3956D46DE8}") = "mlModel", "mlModel", "{B40C6511-BA95-418D-9113-FB12849B74E5}"
EndProject
Project("{2150E333-8FDC-42A3-9474-1A3956D46DE8}") = "ClimateControl", "ClimateControl", "{F8AB92AA-5027-4D31-ACD5-DE48EF5A3083}"
EndProject
Project("{2150E333-8FDC-42A3-9474-1A3956D46DE8}") = "External", "External", "{CFD8D5DB-1479-4058-B7C2-710696281F17}"
EndProject
Project("{2150E333-8FDC-42A3-9474-1A3956D46DE8}") = "Core", "Core", "{04672E5B-286F-4F2D-A349-E2E6CFE076E9}"
EndProject
Project("{9A19103F-16F7-4668-BE54-9A1E7A4F7556}") = "MonitoringSystemTests", "tests\MonitoringSystemTests\MonitoringSystemTests.csproj", "{3D0F5056-2481-4B0F-8AE8-C00F5C3CD2E3}"
EndProject
Project("{9A19103F-16F7-4668-BE54-9A1E7A4F7556}") = "Application", "src\ClimateControl\Core\Application\Application.csproj", "{7D7AD950-4C82-4FBB-9D84-A9BA00409DCA}"
EndProject
Project("{9A19103F-16F7-4668-BE54-9A1E7A4F7556}") = "Domain", "src\ClimateControl\Core\Domain\Domain.csproj", "{2457692D-17BE-4D42-98D3-FF70E89AA353}"
EndProject
Project("{9A19103F-16F7-4668-BE54-9A1E7A4F7556}") = "Infrastructure", "src\ClimateControl\External\Infrastructure\Infrastructure.csproj", "{6174010D-F20E-4A50-94B9-17F3018181FE}"
EndProject
Project("{9A19103F-16F7-4668-BE54-9A1E7A4F7556}") = "Presentation", "src\ClimateControl\External\Presentation\Presentation.csproj", "{31E2EA20-640D-439B-94F0-0337553B8AA2}"
EndProject
Project("{9A19103F-16F7-4668-BE54-9A1E7A4F7556}") = "WebApi", "src\ClimateControl\WebApi\WebApi.csproj", "{8FA5F142-6890-44B1-87A0-8392D46E72FF}"
EndProject
Global
	GlobalSection(SolutionConfigurationPlatforms) = preSolution
		Debug|Any CPU = Debug|Any CPU
		Release|Any CPU = Release|Any CPU
	EndGlobalSection
	GlobalSection(ProjectConfigurationPlatforms) = postSolution
		{D5F07801-20C3-41F7-B00C-A407D521E51E}.Debug|Any CPU.ActiveCfg = Debug|Any CPU
		{D5F07801-20C3-41F7-B00C-A407D521E51E}.Debug|Any CPU.Build.0 = Debug|Any CPU
		{D5F07801-20C3-41F7-B00C-A407D521E51E}.Release|Any CPU.ActiveCfg = Release|Any CPU
		{D5F07801-20C3-41F7-B00C-A407D521E51E}.Release|Any CPU.Build.0 = Release|Any CPU
		{92EDF01B-2403-4FC6-BF10-0A8D29207324}.Debug|Any CPU.ActiveCfg = Debug|Any CPU
		{92EDF01B-2403-4FC6-BF10-0A8D29207324}.Debug|Any CPU.Build.0 = Debug|Any CPU
		{92EDF01B-2403-4FC6-BF10-0A8D29207324}.Release|Any CPU.ActiveCfg = Release|Any CPU
		{92EDF01B-2403-4FC6-BF10-0A8D29207324}.Release|Any CPU.Build.0 = Release|Any CPU
		{3687CE6F-E576-4599-913E-F4A08D6CF4C8}.Debug|Any CPU.ActiveCfg = Debug|Any CPU
		{3687CE6F-E576-4599-913E-F4A08D6CF4C8}.Debug|Any CPU.Build.0 = Debug|Any CPU
		{3687CE6F-E576-4599-913E-F4A08D6CF4C8}.Release|Any CPU.ActiveCfg = Release|Any CPU
		{3687CE6F-E576-4599-913E-F4A08D6CF4C8}.Release|Any CPU.Build.0 = Release|Any CPU
		{49B1DECB-EB8C-425B-904F-86BBEE1A57BA}.Debug|Any CPU.ActiveCfg = Debug|Any CPU
		{49B1DECB-EB8C-425B-904F-86BBEE1A57BA}.Debug|Any CPU.Build.0 = Debug|Any CPU
		{49B1DECB-EB8C-425B-904F-86BBEE1A57BA}.Release|Any CPU.ActiveCfg = Release|Any CPU
		{49B1DECB-EB8C-425B-904F-86BBEE1A57BA}.Release|Any CPU.Build.0 = Release|Any CPU
		{3D0F5056-2481-4B0F-8AE8-C00F5C3CD2E3}.Debug|Any CPU.ActiveCfg = Debug|Any CPU
		{3D0F5056-2481-4B0F-8AE8-C00F5C3CD2E3}.Debug|Any CPU.Build.0 = Debug|Any CPU
		{3D0F5056-2481-4B0F-8AE8-C00F5C3CD2E3}.Release|Any CPU.ActiveCfg = Release|Any CPU
		{3D0F5056-2481-4B0F-8AE8-C00F5C3CD2E3}.Release|Any CPU.Build.0 = Release|Any CPU
		{7D7AD950-4C82-4FBB-9D84-A9BA00409DCA}.Debug|Any CPU.ActiveCfg = Debug|Any CPU
		{7D7AD950-4C82-4FBB-9D84-A9BA00409DCA}.Debug|Any CPU.Build.0 = Debug|Any CPU
		{7D7AD950-4C82-4FBB-9D84-A9BA00409DCA}.Release|Any CPU.ActiveCfg = Release|Any CPU
		{7D7AD950-4C82-4FBB-9D84-A9BA00409DCA}.Release|Any CPU.Build.0 = Release|Any CPU
		{2457692D-17BE-4D42-98D3-FF70E89AA353}.Debug|Any CPU.ActiveCfg = Debug|Any CPU
		{2457692D-17BE-4D42-98D3-FF70E89AA353}.Debug|Any CPU.Build.0 = Debug|Any CPU
		{2457692D-17BE-4D42-98D3-FF70E89AA353}.Release|Any CPU.ActiveCfg = Release|Any CPU
		{2457692D-17BE-4D42-98D3-FF70E89AA353}.Release|Any CPU.Build.0 = Release|Any CPU
		{6174010D-F20E-4A50-94B9-17F3018181FE}.Debug|Any CPU.ActiveCfg = Debug|Any CPU
		{6174010D-F20E-4A50-94B9-17F3018181FE}.Debug|Any CPU.Build.0 = Debug|Any CPU
		{6174010D-F20E-4A50-94B9-17F3018181FE}.Release|Any CPU.ActiveCfg = Release|Any CPU
		{6174010D-F20E-4A50-94B9-17F3018181FE}.Release|Any CPU.Build.0 = Release|Any CPU
		{31E2EA20-640D-439B-94F0-0337553B8AA2}.Debug|Any CPU.ActiveCfg = Debug|Any CPU
		{31E2EA20-640D-439B-94F0-0337553B8AA2}.Debug|Any CPU.Build.0 = Debug|Any CPU
		{31E2EA20-640D-439B-94F0-0337553B8AA2}.Release|Any CPU.ActiveCfg = Release|Any CPU
		{31E2EA20-640D-439B-94F0-0337553B8AA2}.Release|Any CPU.Build.0 = Release|Any CPU
		{8FA5F142-6890-44B1-87A0-8392D46E72FF}.Debug|Any CPU.ActiveCfg = Debug|Any CPU
		{8FA5F142-6890-44B1-87A0-8392D46E72FF}.Debug|Any CPU.Build.0 = Debug|Any CPU
		{8FA5F142-6890-44B1-87A0-8392D46E72FF}.Release|Any CPU.ActiveCfg = Release|Any CPU
		{8FA5F142-6890-44B1-87A0-8392D46E72FF}.Release|Any CPU.Build.0 = Release|Any CPU
	EndGlobalSection
	GlobalSection(SolutionProperties) = preSolution
		HideSolutionNode = FALSE
	EndGlobalSection
	GlobalSection(NestedProjects) = preSolution
		{D5F07801-20C3-41F7-B00C-A407D521E51E} = {198EA68E-E6D4-4F8A-B164-DE8946FC3D54}
		{92EDF01B-2403-4FC6-BF10-0A8D29207324} = {198EA68E-E6D4-4F8A-B164-DE8946FC3D54}
		{3687CE6F-E576-4599-913E-F4A08D6CF4C8} = {198EA68E-E6D4-4F8A-B164-DE8946FC3D54}
		{49B1DECB-EB8C-425B-904F-86BBEE1A57BA} = {E722F3FF-68A0-4019-91E8-63EDFE7D0652}
		{F8AB92AA-5027-4D31-ACD5-DE48EF5A3083} = {198EA68E-E6D4-4F8A-B164-DE8946FC3D54}
		{CFD8D5DB-1479-4058-B7C2-710696281F17} = {F8AB92AA-5027-4D31-ACD5-DE48EF5A3083}
		{04672E5B-286F-4F2D-A349-E2E6CFE076E9} = {F8AB92AA-5027-4D31-ACD5-DE48EF5A3083}
		{3D0F5056-2481-4B0F-8AE8-C00F5C3CD2E3} = {E722F3FF-68A0-4019-91E8-63EDFE7D0652}
		{7D7AD950-4C82-4FBB-9D84-A9BA00409DCA} = {04672E5B-286F-4F2D-A349-E2E6CFE076E9}
		{2457692D-17BE-4D42-98D3-FF70E89AA353} = {04672E5B-286F-4F2D-A349-E2E6CFE076E9}
		{6174010D-F20E-4A50-94B9-17F3018181FE} = {CFD8D5DB-1479-4058-B7C2-710696281F17}
		{31E2EA20-640D-439B-94F0-0337553B8AA2} = {CFD8D5DB-1479-4058-B7C2-710696281F17}
		{8FA5F142-6890-44B1-87A0-8392D46E72FF} = {F8AB92AA-5027-4D31-ACD5-DE48EF5A3083}
	EndGlobalSection
	GlobalSection(ExtensibilityGlobals) = postSolution
		SolutionGuid = {9E6E2880-688D-42C1-AA8B-0F546D080627}
	EndGlobalSection
EndGlobal
