
Microsoft Visual Studio Solution File, Format Version 12.00
# Visual Studio Version 17
VisualStudioVersion = 17.3.32901.215
MinimumVisualStudioVersion = 10.0.40219.1
Project("{2150E333-8FDC-42A3-9474-1A3956D46DE8}") = "src", "src", "{198EA68E-E6D4-4F8A-B164-DE8946FC3D54}"
EndProject
Project("{2150E333-8FDC-42A3-9474-1A3956D46DE8}") = "tests", "tests", "{E722F3FF-68A0-4019-91E8-63EDFE7D0652}"
EndProject
Project("{9A19103F-16F7-4668-BE54-9A1E7A4F7556}") = "MonitoringSystem", "src\MonitoringSystem\MonitoringSystem.csproj", "{D5F07801-20C3-41F7-B00C-A407D521E51E}"
EndProject
Project("{9A19103F-16F7-4668-BE54-9A1E7A4F7556}") = "Shared", "src\Shared\Shared.csproj", "{92EDF01B-2403-4FC6-BF10-0A8D29207324}"
EndProject
Project("{9A19103F-16F7-4668-BE54-9A1E7A4F7556}") = "WebClient", "src\WebClient\WebClient.csproj", "{3687CE6F-E576-4599-913E-F4A08D6CF4C8}"
EndProject
Project("{9A19103F-16F7-4668-BE54-9A1E7A4F7556}") = "WebApiTests", "tests\WebApi\WebApiTests.csproj", "{49B1DECB-EB8C-425B-904F-86BBEE1A57BA}"
EndProject
Project("{2150E333-8FDC-42A3-9474-1A3956D46DE8}") = "mlModel", "mlModel", "{B40C6511-BA95-418D-9113-FB12849B74E5}"
EndProject
Project("{9A19103F-16F7-4668-BE54-9A1E7A4F7556}") = "WebApi", "src\Climate Control\WebApi\WebApi.csproj", "{9E2512DF-82A3-47C9-9E2C-C7B4F25E9CCA}"
EndProject
Project("{9A19103F-16F7-4668-BE54-9A1E7A4F7556}") = "Domain", "src\Climate Control\Core\Domain\Domain.csproj", "{3793D706-9836-4D97-BC61-DDD2E6CA82A3}"
EndProject
Project("{9A19103F-16F7-4668-BE54-9A1E7A4F7556}") = "Application", "src\Climate Control\Core\Application\Application.csproj", "{F9FDA5D8-8FA3-4B36-90A5-4ECC0E895E25}"
EndProject
Project("{2150E333-8FDC-42A3-9474-1A3956D46DE8}") = "ClimateControl", "ClimateControl", "{F8AB92AA-5027-4D31-ACD5-DE48EF5A3083}"
EndProject
Project("{9A19103F-16F7-4668-BE54-9A1E7A4F7556}") = "Infrastructure", "src\Climate Control\External\Infrastructure\Infrastructure.csproj", "{FEB2A7BC-1468-46BE-9869-AA52DBB418DA}"
EndProject
Project("{9A19103F-16F7-4668-BE54-9A1E7A4F7556}") = "Presentation", "src\Climate Control\External\Presentation\Presentation.csproj", "{004649B7-6D48-4CD9-84A5-B89C98400597}"
EndProject
Project("{2150E333-8FDC-42A3-9474-1A3956D46DE8}") = "External", "External", "{CFD8D5DB-1479-4058-B7C2-710696281F17}"
EndProject
Project("{2150E333-8FDC-42A3-9474-1A3956D46DE8}") = "Core", "Core", "{04672E5B-286F-4F2D-A349-E2E6CFE076E9}"
EndProject
Global
	GlobalSection(SolutionConfigurationPlatforms) = preSolution
		Debug|Any CPU = Debug|Any CPU
		Release|Any CPU = Release|Any CPU
	EndGlobalSection
	GlobalSection(ProjectConfigurationPlatforms) = postSolution
		{D5F07801-20C3-41F7-B00C-A407D521E51E}.Debug|Any CPU.ActiveCfg = Debug|Any CPU
		{D5F07801-20C3-41F7-B00C-A407D521E51E}.Debug|Any CPU.Build.0 = Debug|Any CPU
		{D5F07801-20C3-41F7-B00C-A407D521E51E}.Release|Any CPU.ActiveCfg = Release|Any CPU
		{D5F07801-20C3-41F7-B00C-A407D521E51E}.Release|Any CPU.Build.0 = Release|Any CPU
		{92EDF01B-2403-4FC6-BF10-0A8D29207324}.Debug|Any CPU.ActiveCfg = Debug|Any CPU
		{92EDF01B-2403-4FC6-BF10-0A8D29207324}.Debug|Any CPU.Build.0 = Debug|Any CPU
		{92EDF01B-2403-4FC6-BF10-0A8D29207324}.Release|Any CPU.ActiveCfg = Release|Any CPU
		{92EDF01B-2403-4FC6-BF10-0A8D29207324}.Release|Any CPU.Build.0 = Release|Any CPU
		{3687CE6F-E576-4599-913E-F4A08D6CF4C8}.Debug|Any CPU.ActiveCfg = Debug|Any CPU
		{3687CE6F-E576-4599-913E-F4A08D6CF4C8}.Debug|Any CPU.Build.0 = Debug|Any CPU
		{3687CE6F-E576-4599-913E-F4A08D6CF4C8}.Release|Any CPU.ActiveCfg = Release|Any CPU
		{3687CE6F-E576-4599-913E-F4A08D6CF4C8}.Release|Any CPU.Build.0 = Release|Any CPU
		{49B1DECB-EB8C-425B-904F-86BBEE1A57BA}.Debug|Any CPU.ActiveCfg = Debug|Any CPU
		{49B1DECB-EB8C-425B-904F-86BBEE1A57BA}.Debug|Any CPU.Build.0 = Debug|Any CPU
		{49B1DECB-EB8C-425B-904F-86BBEE1A57BA}.Release|Any CPU.ActiveCfg = Release|Any CPU
		{49B1DECB-EB8C-425B-904F-86BBEE1A57BA}.Release|Any CPU.Build.0 = Release|Any CPU
		{9E2512DF-82A3-47C9-9E2C-C7B4F25E9CCA}.Debug|Any CPU.ActiveCfg = Debug|Any CPU
		{9E2512DF-82A3-47C9-9E2C-C7B4F25E9CCA}.Debug|Any CPU.Build.0 = Debug|Any CPU
		{9E2512DF-82A3-47C9-9E2C-C7B4F25E9CCA}.Release|Any CPU.ActiveCfg = Release|Any CPU
		{9E2512DF-82A3-47C9-9E2C-C7B4F25E9CCA}.Release|Any CPU.Build.0 = Release|Any CPU
		{3793D706-9836-4D97-BC61-DDD2E6CA82A3}.Debug|Any CPU.ActiveCfg = Debug|Any CPU
		{3793D706-9836-4D97-BC61-DDD2E6CA82A3}.Debug|Any CPU.Build.0 = Debug|Any CPU
		{3793D706-9836-4D97-BC61-DDD2E6CA82A3}.Release|Any CPU.ActiveCfg = Release|Any CPU
		{3793D706-9836-4D97-BC61-DDD2E6CA82A3}.Release|Any CPU.Build.0 = Release|Any CPU
		{F9FDA5D8-8FA3-4B36-90A5-4ECC0E895E25}.Debug|Any CPU.ActiveCfg = Debug|Any CPU
		{F9FDA5D8-8FA3-4B36-90A5-4ECC0E895E25}.Debug|Any CPU.Build.0 = Debug|Any CPU
		{F9FDA5D8-8FA3-4B36-90A5-4ECC0E895E25}.Release|Any CPU.ActiveCfg = Release|Any CPU
		{F9FDA5D8-8FA3-4B36-90A5-4ECC0E895E25}.Release|Any CPU.Build.0 = Release|Any CPU
		{FEB2A7BC-1468-46BE-9869-AA52DBB418DA}.Debug|Any CPU.ActiveCfg = Debug|Any CPU
		{FEB2A7BC-1468-46BE-9869-AA52DBB418DA}.Debug|Any CPU.Build.0 = Debug|Any CPU
		{FEB2A7BC-1468-46BE-9869-AA52DBB418DA}.Release|Any CPU.ActiveCfg = Release|Any CPU
		{FEB2A7BC-1468-46BE-9869-AA52DBB418DA}.Release|Any CPU.Build.0 = Release|Any CPU
		{004649B7-6D48-4CD9-84A5-B89C98400597}.Debug|Any CPU.ActiveCfg = Debug|Any CPU
		{004649B7-6D48-4CD9-84A5-B89C98400597}.Debug|Any CPU.Build.0 = Debug|Any CPU
		{004649B7-6D48-4CD9-84A5-B89C98400597}.Release|Any CPU.ActiveCfg = Release|Any CPU
		{004649B7-6D48-4CD9-84A5-B89C98400597}.Release|Any CPU.Build.0 = Release|Any CPU
	EndGlobalSection
	GlobalSection(SolutionProperties) = preSolution
		HideSolutionNode = FALSE
	EndGlobalSection
	GlobalSection(NestedProjects) = preSolution
		{D5F07801-20C3-41F7-B00C-A407D521E51E} = {198EA68E-E6D4-4F8A-B164-DE8946FC3D54}
		{92EDF01B-2403-4FC6-BF10-0A8D29207324} = {198EA68E-E6D4-4F8A-B164-DE8946FC3D54}
		{3687CE6F-E576-4599-913E-F4A08D6CF4C8} = {198EA68E-E6D4-4F8A-B164-DE8946FC3D54}
		{49B1DECB-EB8C-425B-904F-86BBEE1A57BA} = {E722F3FF-68A0-4019-91E8-63EDFE7D0652}
		{9E2512DF-82A3-47C9-9E2C-C7B4F25E9CCA} = {F8AB92AA-5027-4D31-ACD5-DE48EF5A3083}
		{3793D706-9836-4D97-BC61-DDD2E6CA82A3} = {04672E5B-286F-4F2D-A349-E2E6CFE076E9}
		{F9FDA5D8-8FA3-4B36-90A5-4ECC0E895E25} = {04672E5B-286F-4F2D-A349-E2E6CFE076E9}
		{F8AB92AA-5027-4D31-ACD5-DE48EF5A3083} = {198EA68E-E6D4-4F8A-B164-DE8946FC3D54}
		{FEB2A7BC-1468-46BE-9869-AA52DBB418DA} = {CFD8D5DB-1479-4058-B7C2-710696281F17}
		{004649B7-6D48-4CD9-84A5-B89C98400597} = {CFD8D5DB-1479-4058-B7C2-710696281F17}
		{CFD8D5DB-1479-4058-B7C2-710696281F17} = {F8AB92AA-5027-4D31-ACD5-DE48EF5A3083}
		{04672E5B-286F-4F2D-A349-E2E6CFE076E9} = {F8AB92AA-5027-4D31-ACD5-DE48EF5A3083}
	EndGlobalSection
	GlobalSection(ExtensibilityGlobals) = postSolution
		SolutionGuid = {9E6E2880-688D-42C1-AA8B-0F546D080627}
	EndGlobalSection
EndGlobal
