
Microsoft Visual Studio Solution File, Format Version 12.00
# Visual Studio Version 17
VisualStudioVersion = 17.3.32901.215
MinimumVisualStudioVersion = 10.0.40219.1
Project("{2150E333-8FDC-42A3-9474-1A3956D46DE8}") = "src", "src", "{198EA68E-E6D4-4F8A-B164-DE8946FC3D54}"
EndProject
Project("{2150E333-8FDC-42A3-9474-1A3956D46DE8}") = "tests", "tests", "{E722F3FF-68A0-4019-91E8-63EDFE7D0652}"
EndProject
Project("{9A19103F-16F7-4668-BE54-9A1E7A4F7556}") = "Domain", "src\Domain\Domain.csproj", "{77B14B8C-EA01-4209-B6D7-DE2A1E12F282}"
EndProject
Project("{9A19103F-16F7-4668-BE54-9A1E7A4F7556}") = "MonitoringSystem", "src\MonitoringSystem\MonitoringSystem.csproj", "{D5F07801-20C3-41F7-B00C-A407D521E51E}"
EndProject
Project("{9A19103F-16F7-4668-BE54-9A1E7A4F7556}") = "Shared", "src\Shared\Shared.csproj", "{92EDF01B-2403-4FC6-BF10-0A8D29207324}"
EndProject
Project("{9A19103F-16F7-4668-BE54-9A1E7A4F7556}") = "WebApi", "src\WebApi\WebApi.csproj", "{2EF1CF91-866A-47F4-9283-BE2A8DDB4B38}"
EndProject
Project("{9A19103F-16F7-4668-BE54-9A1E7A4F7556}") = "WebClient", "src\WebClient\WebClient.csproj", "{3687CE6F-E576-4599-913E-F4A08D6CF4C8}"
EndProject
Project("{9A19103F-16F7-4668-BE54-9A1E7A4F7556}") = "WebApiTests", "tests\WebApi\WebApiTests.csproj", "{49B1DECB-EB8C-425B-904F-86BBEE1A57BA}"
EndProject
Project("{2150E333-8FDC-42A3-9474-1A3956D46DE8}") = "mlModel", "mlModel", "{B40C6511-BA95-418D-9113-FB12849B74E5}"
EndProject
Project("{FAE04EC0-301F-11D3-BF4B-00C04F79EFBC}") = "Application", "Application\Application.csproj", "{CC65C534-65E9-47A1-AC6C-759C6AABA039}"
EndProject
Project("{FAE04EC0-301F-11D3-BF4B-00C04F79EFBC}") = "Infrastructure", "Infrastructure\Infrastructure.csproj", "{A407C3AC-77AC-47BB-9B2B-2022F6053EC5}"
EndProject
Project("{FAE04EC0-301F-11D3-BF4B-00C04F79EFBC}") = "Presentation", "Presentation\Presentation.csproj", "{C7B8810F-223D-42B4-8408-7E4DE68C1183}"
EndProject
Global
	GlobalSection(SolutionConfigurationPlatforms) = preSolution
		Debug|Any CPU = Debug|Any CPU
		Release|Any CPU = Release|Any CPU
	EndGlobalSection
	GlobalSection(ProjectConfigurationPlatforms) = postSolution
		{77B14B8C-EA01-4209-B6D7-DE2A1E12F282}.Debug|Any CPU.ActiveCfg = Debug|Any CPU
		{77B14B8C-EA01-4209-B6D7-DE2A1E12F282}.Debug|Any CPU.Build.0 = Debug|Any CPU
		{77B14B8C-EA01-4209-B6D7-DE2A1E12F282}.Release|Any CPU.ActiveCfg = Release|Any CPU
		{77B14B8C-EA01-4209-B6D7-DE2A1E12F282}.Release|Any CPU.Build.0 = Release|Any CPU
		{D5F07801-20C3-41F7-B00C-A407D521E51E}.Debug|Any CPU.ActiveCfg = Debug|Any CPU
		{D5F07801-20C3-41F7-B00C-A407D521E51E}.Debug|Any CPU.Build.0 = Debug|Any CPU
		{D5F07801-20C3-41F7-B00C-A407D521E51E}.Release|Any CPU.ActiveCfg = Release|Any CPU
		{D5F07801-20C3-41F7-B00C-A407D521E51E}.Release|Any CPU.Build.0 = Release|Any CPU
		{92EDF01B-2403-4FC6-BF10-0A8D29207324}.Debug|Any CPU.ActiveCfg = Debug|Any CPU
		{92EDF01B-2403-4FC6-BF10-0A8D29207324}.Debug|Any CPU.Build.0 = Debug|Any CPU
		{92EDF01B-2403-4FC6-BF10-0A8D29207324}.Release|Any CPU.ActiveCfg = Release|Any CPU
		{92EDF01B-2403-4FC6-BF10-0A8D29207324}.Release|Any CPU.Build.0 = Release|Any CPU
		{2EF1CF91-866A-47F4-9283-BE2A8DDB4B38}.Debug|Any CPU.ActiveCfg = Debug|Any CPU
		{2EF1CF91-866A-47F4-9283-BE2A8DDB4B38}.Debug|Any CPU.Build.0 = Debug|Any CPU
		{2EF1CF91-866A-47F4-9283-BE2A8DDB4B38}.Release|Any CPU.ActiveCfg = Release|Any CPU
		{2EF1CF91-866A-47F4-9283-BE2A8DDB4B38}.Release|Any CPU.Build.0 = Release|Any CPU
		{3687CE6F-E576-4599-913E-F4A08D6CF4C8}.Debug|Any CPU.ActiveCfg = Debug|Any CPU
		{3687CE6F-E576-4599-913E-F4A08D6CF4C8}.Debug|Any CPU.Build.0 = Debug|Any CPU
		{3687CE6F-E576-4599-913E-F4A08D6CF4C8}.Release|Any CPU.ActiveCfg = Release|Any CPU
		{3687CE6F-E576-4599-913E-F4A08D6CF4C8}.Release|Any CPU.Build.0 = Release|Any CPU
		{49B1DECB-EB8C-425B-904F-86BBEE1A57BA}.Debug|Any CPU.ActiveCfg = Debug|Any CPU
		{49B1DECB-EB8C-425B-904F-86BBEE1A57BA}.Debug|Any CPU.Build.0 = Debug|Any CPU
		{49B1DECB-EB8C-425B-904F-86BBEE1A57BA}.Release|Any CPU.ActiveCfg = Release|Any CPU
		{49B1DECB-EB8C-425B-904F-86BBEE1A57BA}.Release|Any CPU.Build.0 = Release|Any CPU
		{CC65C534-65E9-47A1-AC6C-759C6AABA039}.Debug|Any CPU.ActiveCfg = Debug|Any CPU
		{CC65C534-65E9-47A1-AC6C-759C6AABA039}.Debug|Any CPU.Build.0 = Debug|Any CPU
		{CC65C534-65E9-47A1-AC6C-759C6AABA039}.Release|Any CPU.ActiveCfg = Release|Any CPU
		{CC65C534-65E9-47A1-AC6C-759C6AABA039}.Release|Any CPU.Build.0 = Release|Any CPU
		{A407C3AC-77AC-47BB-9B2B-2022F6053EC5}.Debug|Any CPU.ActiveCfg = Debug|Any CPU
		{A407C3AC-77AC-47BB-9B2B-2022F6053EC5}.Debug|Any CPU.Build.0 = Debug|Any CPU
		{A407C3AC-77AC-47BB-9B2B-2022F6053EC5}.Release|Any CPU.ActiveCfg = Release|Any CPU
		{A407C3AC-77AC-47BB-9B2B-2022F6053EC5}.Release|Any CPU.Build.0 = Release|Any CPU
		{C7B8810F-223D-42B4-8408-7E4DE68C1183}.Debug|Any CPU.ActiveCfg = Debug|Any CPU
		{C7B8810F-223D-42B4-8408-7E4DE68C1183}.Debug|Any CPU.Build.0 = Debug|Any CPU
		{C7B8810F-223D-42B4-8408-7E4DE68C1183}.Release|Any CPU.ActiveCfg = Release|Any CPU
		{C7B8810F-223D-42B4-8408-7E4DE68C1183}.Release|Any CPU.Build.0 = Release|Any CPU
	EndGlobalSection
	GlobalSection(SolutionProperties) = preSolution
		HideSolutionNode = FALSE
	EndGlobalSection
	GlobalSection(NestedProjects) = preSolution
		{77B14B8C-EA01-4209-B6D7-DE2A1E12F282} = {198EA68E-E6D4-4F8A-B164-DE8946FC3D54}
		{D5F07801-20C3-41F7-B00C-A407D521E51E} = {198EA68E-E6D4-4F8A-B164-DE8946FC3D54}
		{92EDF01B-2403-4FC6-BF10-0A8D29207324} = {198EA68E-E6D4-4F8A-B164-DE8946FC3D54}
		{2EF1CF91-866A-47F4-9283-BE2A8DDB4B38} = {198EA68E-E6D4-4F8A-B164-DE8946FC3D54}
		{3687CE6F-E576-4599-913E-F4A08D6CF4C8} = {198EA68E-E6D4-4F8A-B164-DE8946FC3D54}
		{49B1DECB-EB8C-425B-904F-86BBEE1A57BA} = {E722F3FF-68A0-4019-91E8-63EDFE7D0652}
		{CC65C534-65E9-47A1-AC6C-759C6AABA039} = {198EA68E-E6D4-4F8A-B164-DE8946FC3D54}
		{A407C3AC-77AC-47BB-9B2B-2022F6053EC5} = {198EA68E-E6D4-4F8A-B164-DE8946FC3D54}
		{C7B8810F-223D-42B4-8408-7E4DE68C1183} = {198EA68E-E6D4-4F8A-B164-DE8946FC3D54}
	EndGlobalSection
	GlobalSection(ExtensibilityGlobals) = postSolution
		SolutionGuid = {9E6E2880-688D-42C1-AA8B-0F546D080627}
	EndGlobalSection
EndGlobal
